
Microsoft Visual Studio Solution File, Format Version 12.00
# Visual Studio 15
VisualStudioVersion = 15.0.28010.2026
MinimumVisualStudioVersion = 10.0.40219.1
Project("{FAE04EC0-301F-11D3-BF4B-00C04F79EFBC}") = "Mean Class Library", "Mean Class Library\Mean Class Library.csproj", "{36818513-0A50-4DF0-B1F4-2475753E73DF}"
EndProject
Global
	GlobalSection(SolutionConfigurationPlatforms) = preSolution
		Debug|Any CPU = Debug|Any CPU
		Release|Any CPU = Release|Any CPU
	EndGlobalSection
	GlobalSection(ProjectConfigurationPlatforms) = postSolution
		{36818513-0A50-4DF0-B1F4-2475753E73DF}.Debug|Any CPU.ActiveCfg = Debug|Any CPU
		{36818513-0A50-4DF0-B1F4-2475753E73DF}.Debug|Any CPU.Build.0 = Debug|Any CPU
		{36818513-0A50-4DF0-B1F4-2475753E73DF}.Release|Any CPU.ActiveCfg = Release|Any CPU
		{36818513-0A50-4DF0-B1F4-2475753E73DF}.Release|Any CPU.Build.0 = Release|Any CPU
	EndGlobalSection
	GlobalSection(SolutionProperties) = preSolution
		HideSolutionNode = FALSE
	EndGlobalSection
	GlobalSection(ExtensibilityGlobals) = postSolution
		SolutionGuid = {878EEB7C-D3EA-49E0-BB8E-CDD94E97C6A8}
	EndGlobalSection
EndGlobal
